{
  "name": "dwwm-ecf1-sebastien",
  "version": "1.0.0",
  "lockfileVersion": 3,
  "requires": true,
  "packages": {
    "": {
      "name": "dwwm-ecf1-sebastien",
      "version": "1.0.0",
      "license": "ISC",
      "dependencies": {
        "sas": "^3.0.4"
      }
    },
    "node_modules/sas": {
      "version": "3.0.4",
      "resolved": "https://registry.npmjs.org/sas/-/sas-3.0.4.tgz",
      "integrity": "sha512-Fi1sfAdsEpuNR1Ho7/lkrJYFU7kRPusFWFQP401lz0NIFX0OfcWhsUOXzEKyoNzW0TorfdmyC2yGorJ/CiNGqg==",
      "license": "MIT"
    }
  }
}
